
Microsoft Visual Studio Solution File, Format Version 12.00
# Visual Studio Version 16
VisualStudioVersion = 16.0.31402.337
MinimumVisualStudioVersion = 10.0.40219.1
Project("{FAE04EC0-301F-11D3-BF4B-00C04F79EFBC}") = "Mediatek86", "Mediatek86.csproj", "{810296AE-B290-4E67-A945-19806086CAFE}"
EndProject
Project("{FAE04EC0-301F-11D3-BF4B-00C04F79EFBC}") = "TestsUnitaires", "TestsUnitaires\TestsUnitaires.csproj", "{E2997C05-DF36-4E27-BCBE-62C131C15B4E}"
EndProject
Global
	GlobalSection(SolutionConfigurationPlatforms) = preSolution
		Debug|Any CPU = Debug|Any CPU
		Release|Any CPU = Release|Any CPU
	EndGlobalSection
	GlobalSection(ProjectConfigurationPlatforms) = postSolution
		{810296AE-B290-4E67-A945-19806086CAFE}.Debug|Any CPU.ActiveCfg = Debug|Any CPU
		{810296AE-B290-4E67-A945-19806086CAFE}.Debug|Any CPU.Build.0 = Debug|Any CPU
		{810296AE-B290-4E67-A945-19806086CAFE}.Release|Any CPU.ActiveCfg = Release|Any CPU
		{810296AE-B290-4E67-A945-19806086CAFE}.Release|Any CPU.Build.0 = Release|Any CPU
		{E2997C05-DF36-4E27-BCBE-62C131C15B4E}.Debug|Any CPU.ActiveCfg = Debug|Any CPU
		{E2997C05-DF36-4E27-BCBE-62C131C15B4E}.Debug|Any CPU.Build.0 = Debug|Any CPU
		{E2997C05-DF36-4E27-BCBE-62C131C15B4E}.Release|Any CPU.ActiveCfg = Release|Any CPU
		{E2997C05-DF36-4E27-BCBE-62C131C15B4E}.Release|Any CPU.Build.0 = Release|Any CPU
	EndGlobalSection
	GlobalSection(SolutionProperties) = preSolution
		HideSolutionNode = FALSE
	EndGlobalSection
	GlobalSection(ExtensibilityGlobals) = postSolution
		SolutionGuid = {FA23C04D-1211-475E-BCC4-92DE89B07D58}
	EndGlobalSection
EndGlobal
